
Microsoft Visual Studio Solution File, Format Version 12.00
# Visual Studio Version 17
VisualStudioVersion = 17.1.32228.430
MinimumVisualStudioVersion = 10.0.40219.1
Project("{9A19103F-16F7-4668-BE54-9A1E7A4F7556}") = "CookieTrackApiSharp", "cookietrack-api-sharp\CookieTrackApiSharp.csproj", "{BB270383-3703-49A7-8314-1F84A8FEACD9}"
EndProject
Project("{FAE04EC0-301F-11D3-BF4B-00C04F79EFBC}") = "CookieTrackApiSharp_Example", "CookieTrackApiSharp_Example\CookieTrackApiSharp_Example.csproj", "{AA2A86FD-6CF1-4559-AFD5-DD7E60578B40}"
EndProject
Global
	GlobalSection(SolutionConfigurationPlatforms) = preSolution
		Debug|Any CPU = Debug|Any CPU
		Release|Any CPU = Release|Any CPU
	EndGlobalSection
	GlobalSection(ProjectConfigurationPlatforms) = postSolution
		{BB270383-3703-49A7-8314-1F84A8FEACD9}.Debug|Any CPU.ActiveCfg = Debug|Any CPU
		{BB270383-3703-49A7-8314-1F84A8FEACD9}.Debug|Any CPU.Build.0 = Debug|Any CPU
		{BB270383-3703-49A7-8314-1F84A8FEACD9}.Release|Any CPU.ActiveCfg = Release|Any CPU
		{BB270383-3703-49A7-8314-1F84A8FEACD9}.Release|Any CPU.Build.0 = Release|Any CPU
		{AA2A86FD-6CF1-4559-AFD5-DD7E60578B40}.Debug|Any CPU.ActiveCfg = Debug|Any CPU
		{AA2A86FD-6CF1-4559-AFD5-DD7E60578B40}.Debug|Any CPU.Build.0 = Debug|Any CPU
		{AA2A86FD-6CF1-4559-AFD5-DD7E60578B40}.Release|Any CPU.ActiveCfg = Release|Any CPU
		{AA2A86FD-6CF1-4559-AFD5-DD7E60578B40}.Release|Any CPU.Build.0 = Release|Any CPU
	EndGlobalSection
	GlobalSection(SolutionProperties) = preSolution
		HideSolutionNode = FALSE
	EndGlobalSection
	GlobalSection(ExtensibilityGlobals) = postSolution
		SolutionGuid = {3288C166-0DA1-4DFE-A7BE-8071FB7C0994}
	EndGlobalSection
EndGlobal
